{
  "name": "mineprojetojs",
  "version": "1.0.0",
  "lockfileVersion": 3,
  "requires": true,
  "packages": {
    "": {
      "name": "mineprojetojs",
      "version": "1.0.0",
      "license": "ISC",
      "dependencies": {
        "json-server": "file:.17.4"
      }
    },
    ".17.4": {},
    "node_modules/json-server": {
      "resolved": ".17.4",
      "link": true
    }
  }
}
